// !$*UTF8*$!
{
	archiveVersion = 1;
	classes = {
	};
	objectVersion = 56;
	objects = {

/* Begin PBXBuildFile section */
		283FBA942B00D32A0012B7B4 /* StoryPromptViewController.swift in Sources */ = {isa = PBXBuildFile; fileRef = 283FBA932B00D32A0012B7B4 /* StoryPromptViewController.swift */; };
		28BCFC032AFAE26000B5E3A8 /* AppDelegate.swift in Sources */ = {isa = PBXBuildFile; fileRef = 28BCFC022AFAE26000B5E3A8 /* AppDelegate.swift */; };
		28BCFC052AFAE26000B5E3A8 /* SceneDelegate.swift in Sources */ = {isa = PBXBuildFile; fileRef = 28BCFC042AFAE26000B5E3A8 /* SceneDelegate.swift */; };
		28BCFC072AFAE26000B5E3A8 /* AddStoryPromptViewController.swift in Sources */ = {isa = PBXBuildFile; fileRef = 28BCFC062AFAE26000B5E3A8 /* AddStoryPromptViewController.swift */; };
		28BCFC0A2AFAE26000B5E3A8 /* Main.storyboard in Resources */ = {isa = PBXBuildFile; fileRef = 28BCFC082AFAE26000B5E3A8 /* Main.storyboard */; };
		28BCFC0C2AFAE26200B5E3A8 /* Assets.xcassets in Resources */ = {isa = PBXBuildFile; fileRef = 28BCFC0B2AFAE26200B5E3A8 /* Assets.xcassets */; };
		28BCFC0F2AFAE26200B5E3A8 /* LaunchScreen.storyboard in Resources */ = {isa = PBXBuildFile; fileRef = 28BCFC0D2AFAE26200B5E3A8 /* LaunchScreen.storyboard */; };
		28BCFC192AFAE2C400B5E3A8 /* StoryPromptEntry.swift in Sources */ = {isa = PBXBuildFile; fileRef = 28BCFC172AFAE2C400B5E3A8 /* StoryPromptEntry.swift */; };
		28BCFC1A2AFAE2C400B5E3A8 /* StoryPrompts.swift in Sources */ = {isa = PBXBuildFile; fileRef = 28BCFC182AFAE2C400B5E3A8 /* StoryPrompts.swift */; };
/* End PBXBuildFile section */

/* Begin PBXFileReference section */
		283FBA932B00D32A0012B7B4 /* StoryPromptViewController.swift */ = {isa = PBXFileReference; lastKnownFileType = sourcecode.swift; path = StoryPromptViewController.swift; sourceTree = "<group>"; };
		28BCFBFF2AFAE26000B5E3A8 /* StoryPrompt.app */ = {isa = PBXFileReference; explicitFileType = wrapper.application; includeInIndex = 0; path = StoryPrompt.app; sourceTree = BUILT_PRODUCTS_DIR; };
		28BCFC022AFAE26000B5E3A8 /* AppDelegate.swift */ = {isa = PBXFileReference; lastKnownFileType = sourcecode.swift; path = AppDelegate.swift; sourceTree = "<group>"; };
		28BCFC042AFAE26000B5E3A8 /* SceneDelegate.swift */ = {isa = PBXFileReference; lastKnownFileType = sourcecode.swift; path = SceneDelegate.swift; sourceTree = "<group>"; };
		28BCFC062AFAE26000B5E3A8 /* AddStoryPromptViewController.swift */ = {isa = PBXFileReference; lastKnownFileType = sourcecode.swift; path = AddStoryPromptViewController.swift; sourceTree = "<group>"; };
		28BCFC092AFAE26000B5E3A8 /* Base */ = {isa = PBXFileReference; lastKnownFileType = file.storyboard; name = Base; path = Base.lproj/Main.storyboard; sourceTree = "<group>"; };
		28BCFC0B2AFAE26200B5E3A8 /* Assets.xcassets */ = {isa = PBXFileReference; lastKnownFileType = folder.assetcatalog; path = Assets.xcassets; sourceTree = "<group>"; };
		28BCFC0E2AFAE26200B5E3A8 /* Base */ = {isa = PBXFileReference; lastKnownFileType = file.storyboard; name = Base; path = Base.lproj/LaunchScreen.storyboard; sourceTree = "<group>"; };
		28BCFC102AFAE26200B5E3A8 /* Info.plist */ = {isa = PBXFileReference; lastKnownFileType = text.plist.xml; path = Info.plist; sourceTree = "<group>"; };
		28BCFC172AFAE2C400B5E3A8 /* StoryPromptEntry.swift */ = {isa = PBXFileReference; fileEncoding = 4; lastKnownFileType = sourcecode.swift; name = StoryPromptEntry.swift; path = ../../../../../Downloads/StoryPromptEntry.swift; sourceTree = "<group>"; };
		28BCFC182AFAE2C400B5E3A8 /* StoryPrompts.swift */ = {isa = PBXFileReference; fileEncoding = 4; lastKnownFileType = sourcecode.swift; name = StoryPrompts.swift; path = ../../../../../Downloads/StoryPrompts.swift; sourceTree = "<group>"; };
/* End PBXFileReference section */

/* Begin PBXFrameworksBuildPhase section */
		28BCFBFC2AFAE26000B5E3A8 /* Frameworks */ = {
			isa = PBXFrameworksBuildPhase;
			buildActionMask = 2147483647;
			files = (
			);
			runOnlyForDeploymentPostprocessing = 0;
		};
/* End PBXFrameworksBuildPhase section */

/* Begin PBXGroup section */
		283FBA952B00D3460012B7B4 /* View Controllers */ = {
			isa = PBXGroup;
			children = (
				283FBA932B00D32A0012B7B4 /* StoryPromptViewController.swift */,
				28BCFC062AFAE26000B5E3A8 /* AddStoryPromptViewController.swift */,
			);
			path = "View Controllers";
			sourceTree = "<group>";
		};
		28BCFBF62AFAE26000B5E3A8 = {
			isa = PBXGroup;
			children = (
				28BCFC012AFAE26000B5E3A8 /* StoryPrompt */,
				28BCFC002AFAE26000B5E3A8 /* Products */,
			);
			sourceTree = "<group>";
		};
		28BCFC002AFAE26000B5E3A8 /* Products */ = {
			isa = PBXGroup;
			children = (
				28BCFBFF2AFAE26000B5E3A8 /* StoryPrompt.app */,
			);
			name = Products;
			sourceTree = "<group>";
		};
		28BCFC012AFAE26000B5E3A8 /* StoryPrompt */ = {
			isa = PBXGroup;
			children = (
				283FBA952B00D3460012B7B4 /* View Controllers */,
				28BCFC162AFAE28F00B5E3A8 /* Model */,
				28BCFC022AFAE26000B5E3A8 /* AppDelegate.swift */,
				28BCFC042AFAE26000B5E3A8 /* SceneDelegate.swift */,
				28BCFC082AFAE26000B5E3A8 /* Main.storyboard */,
				28BCFC0B2AFAE26200B5E3A8 /* Assets.xcassets */,
				28BCFC0D2AFAE26200B5E3A8 /* LaunchScreen.storyboard */,
				28BCFC102AFAE26200B5E3A8 /* Info.plist */,
			);
			path = StoryPrompt;
			sourceTree = "<group>";
		};
		28BCFC162AFAE28F00B5E3A8 /* Model */ = {
			isa = PBXGroup;
			children = (
				28BCFC172AFAE2C400B5E3A8 /* StoryPromptEntry.swift */,
				28BCFC182AFAE2C400B5E3A8 /* StoryPrompts.swift */,
			);
			path = Model;
			sourceTree = "<group>";
		};
/* End PBXGroup section */

/* Begin PBXNativeTarget section */
		28BCFBFE2AFAE26000B5E3A8 /* StoryPrompt */ = {
			isa = PBXNativeTarget;
			buildConfigurationList = 28BCFC132AFAE26200B5E3A8 /* Build configuration list for PBXNativeTarget "StoryPrompt" */;
			buildPhases = (
				28BCFBFB2AFAE26000B5E3A8 /* Sources */,
				28BCFBFC2AFAE26000B5E3A8 /* Frameworks */,
				28BCFBFD2AFAE26000B5E3A8 /* Resources */,
			);
			buildRules = (
			);
			dependencies = (
			);
			name = StoryPrompt;
			productName = StoryPrompt;
			productReference = 28BCFBFF2AFAE26000B5E3A8 /* StoryPrompt.app */;
			productType = "com.apple.product-type.application";
		};
/* End PBXNativeTarget section */

/* Begin PBXProject section */
		28BCFBF72AFAE26000B5E3A8 /* Project object */ = {
			isa = PBXProject;
			attributes = {
				BuildIndependentTargetsInParallel = 1;
				LastSwiftUpdateCheck = 1500;
				LastUpgradeCheck = 1500;
				TargetAttributes = {
					28BCFBFE2AFAE26000B5E3A8 = {
						CreatedOnToolsVersion = 15.0.1;
					};
				};
			};
			buildConfigurationList = 28BCFBFA2AFAE26000B5E3A8 /* Build configuration list for PBXProject "StoryPrompt" */;
			compatibilityVersion = "Xcode 14.0";
			developmentRegion = en;
			hasScannedForEncodings = 0;
			knownRegions = (
				en,
				Base,
			);
			mainGroup = 28BCFBF62AFAE26000B5E3A8;
			productRefGroup = 28BCFC002AFAE26000B5E3A8 /* Products */;
			projectDirPath = "";
			projectRoot = "";
			targets = (
				28BCFBFE2AFAE26000B5E3A8 /* StoryPrompt */,
			);
		};
/* End PBXProject section */

/* Begin PBXResourcesBuildPhase section */
		28BCFBFD2AFAE26000B5E3A8 /* Resources */ = {
			isa = PBXResourcesBuildPhase;
			buildActionMask = 2147483647;
			files = (
				28BCFC0F2AFAE26200B5E3A8 /* LaunchScreen.storyboard in Resources */,
				28BCFC0C2AFAE26200B5E3A8 /* Assets.xcassets in Resources */,
				28BCFC0A2AFAE26000B5E3A8 /* Main.storyboard in Resources */,
			);
			runOnlyForDeploymentPostprocessing = 0;
		};
/* End PBXResourcesBuildPhase section */

/* Begin PBXSourcesBuildPhase section */
		28BCFBFB2AFAE26000B5E3A8 /* Sources */ = {
			isa = PBXSourcesBuildPhase;
			buildActionMask = 2147483647;
			files = (
				283FBA942B00D32A0012B7B4 /* StoryPromptViewController.swift in Sources */,
				28BCFC1A2AFAE2C400B5E3A8 /* StoryPrompts.swift in Sources */,
				28BCFC072AFAE26000B5E3A8 /* AddStoryPromptViewController.swift in Sources */,
				28BCFC032AFAE26000B5E3A8 /* AppDelegate.swift in Sources */,
				28BCFC192AFAE2C400B5E3A8 /* StoryPromptEntry.swift in Sources */,
				28BCFC052AFAE26000B5E3A8 /* SceneDelegate.swift in Sources */,
			);
			runOnlyForDeploymentPostprocessing = 0;
		};
/* End PBXSourcesBuildPhase section */

/* Begin PBXVariantGroup section */
		28BCFC082AFAE26000B5E3A8 /* Main.storyboard */ = {
			isa = PBXVariantGroup;
			children = (
				28BCFC092AFAE26000B5E3A8 /* Base */,
			);
			name = Main.storyboard;
			sourceTree = "<group>";
		};
		28BCFC0D2AFAE26200B5E3A8 /* LaunchScreen.storyboard */ = {
			isa = PBXVariantGroup;
			children = (
				28BCFC0E2AFAE26200B5E3A8 /* Base */,
			);
			name = LaunchScreen.storyboard;
			sourceTree = "<group>";
		};
/* End PBXVariantGroup section */

/* Begin XCBuildConfiguration section */
		28BCFC112AFAE26200B5E3A8 /* Debug */ = {
			isa = XCBuildConfiguration;
			buildSettings = {
				ALWAYS_SEARCH_USER_PATHS = NO;
				ASSETCATALOG_COMPILER_GENERATE_SWIFT_ASSET_SYMBOL_EXTENSIONS = YES;
				CLANG_ANALYZER_NONNULL = YES;
				CLANG_ANALYZER_NUMBER_OBJECT_CONVERSION = YES_AGGRESSIVE;
				CLANG_CXX_LANGUAGE_STANDARD = "gnu++20";
				CLANG_ENABLE_MODULES = YES;
				CLANG_ENABLE_OBJC_ARC = YES;
				CLANG_ENABLE_OBJC_WEAK = YES;
				CLANG_WARN_BLOCK_CAPTURE_AUTORELEASING = YES;
				CLANG_WARN_BOOL_CONVERSION = YES;
				CLANG_WARN_COMMA = YES;
				CLANG_WARN_CONSTANT_CONVERSION = YES;
				CLANG_WARN_DEPRECATED_OBJC_IMPLEMENTATIONS = YES;
				CLANG_WARN_DIRECT_OBJC_ISA_USAGE = YES_ERROR;
				CLANG_WARN_DOCUMENTATION_COMMENTS = YES;
				CLANG_WARN_EMPTY_BODY = YES;
				CLANG_WARN_ENUM_CONVERSION = YES;
				CLANG_WARN_INFINITE_RECURSION = YES;
				CLANG_WARN_INT_CONVERSION = YES;
				CLANG_WARN_NON_LITERAL_NULL_CONVERSION = YES;
				CLANG_WARN_OBJC_IMPLICIT_RETAIN_SELF = YES;
				CLANG_WARN_OBJC_LITERAL_CONVERSION = YES;
				CLANG_WARN_OBJC_ROOT_CLASS = YES_ERROR;
				CLANG_WARN_QUOTED_INCLUDE_IN_FRAMEWORK_HEADER = YES;
				CLANG_WARN_RANGE_LOOP_ANALYSIS = YES;
				CLANG_WARN_STRICT_PROTOTYPES = YES;
				CLANG_WARN_SUSPICIOUS_MOVE = YES;
				CLANG_WARN_UNGUARDED_AVAILABILITY = YES_AGGRESSIVE;
				CLANG_WARN_UNREACHABLE_CODE = YES;
				CLANG_WARN__DUPLICATE_METHOD_MATCH = YES;
				COPY_PHASE_STRIP = NO;
				DEBUG_INFORMATION_FORMAT = dwarf;
				ENABLE_STRICT_OBJC_MSGSEND = YES;
				ENABLE_TESTABILITY = YES;
				ENABLE_USER_SCRIPT_SANDBOXING = YES;
				GCC_C_LANGUAGE_STANDARD = gnu17;
				GCC_DYNAMIC_NO_PIC = NO;
				GCC_NO_COMMON_BLOCKS = YES;
				GCC_OPTIMIZATION_LEVEL = 0;
				GCC_PREPROCESSOR_DEFINITIONS = (
					"DEBUG=1",
					"$(inherited)",
				);
				GCC_WARN_64_TO_32_BIT_CONVERSION = YES;
				GCC_WARN_ABOUT_RETURN_TYPE = YES_ERROR;
				GCC_WARN_UNDECLARED_SELECTOR = YES;
				GCC_WARN_UNINITIALIZED_AUTOS = YES_AGGRESSIVE;
				GCC_WARN_UNUSED_FUNCTION = YES;
				GCC_WARN_UNUSED_VARIABLE = YES;
				IPHONEOS_DEPLOYMENT_TARGET = 17.0;
				LOCALIZATION_PREFERS_STRING_CATALOGS = YES;
				MTL_ENABLE_DEBUG_INFO = INCLUDE_SOURCE;
				MTL_FAST_MATH = YES;
				ONLY_ACTIVE_ARCH = YES;
				SDKROOT = iphoneos;
				SWIFT_ACTIVE_COMPILATION_CONDITIONS = "DEBUG $(inherited)";
				SWIFT_OPTIMIZATION_LEVEL = "-Onone";
			};
			name = Debug;
		};
		28BCFC122AFAE26200B5E3A8 /* Release */ = {
			isa = XCBuildConfiguration;
			buildSettings = {
				ALWAYS_SEARCH_USER_PATHS = NO;
				ASSETCATALOG_COMPILER_GENERATE_SWIFT_ASSET_SYMBOL_EXTENSIONS = YES;
				CLANG_ANALYZER_NONNULL = YES;
				CLANG_ANALYZER_NUMBER_OBJECT_CONVERSION = YES_AGGRESSIVE;
				CLANG_CXX_LANGUAGE_STANDARD = "gnu++20";
				CLANG_ENABLE_MODULES = YES;
				CLANG_ENABLE_OBJC_ARC = YES;
				CLANG_ENABLE_OBJC_WEAK = YES;
				CLANG_WARN_BLOCK_CAPTURE_AUTORELEASING = YES;
				CLANG_WARN_BOOL_CONVERSION = YES;
				CLANG_WARN_COMMA = YES;
				CLANG_WARN_CONSTANT_CONVERSION = YES;
				CLANG_WARN_DEPRECATED_OBJC_IMPLEMENTATIONS = YES;
				CLANG_WARN_DIRECT_OBJC_ISA_USAGE = YES_ERROR;
				CLANG_WARN_DOCUMENTATION_COMMENTS = YES;
				CLANG_WARN_EMPTY_BODY = YES;
				CLANG_WARN_ENUM_CONVERSION = YES;
				CLANG_WARN_INFINITE_RECURSION = YES;
				CLANG_WARN_INT_CONVERSION = YES;
				CLANG_WARN_NON_LITERAL_NULL_CONVERSION = YES;
				CLANG_WARN_OBJC_IMPLICIT_RETAIN_SELF = YES;
				CLANG_WARN_OBJC_LITERAL_CONVERSION = YES;
				CLANG_WARN_OBJC_ROOT_CLASS = YES_ERROR;
				CLANG_WARN_QUOTED_INCLUDE_IN_FRAMEWORK_HEADER = YES;
				CLANG_WARN_RANGE_LOOP_ANALYSIS = YES;
				CLANG_WARN_STRICT_PROTOTYPES = YES;
				CLANG_WARN_SUSPICIOUS_MOVE = YES;
				CLANG_WARN_UNGUARDED_AVAILABILITY = YES_AGGRESSIVE;
				CLANG_WARN_UNREACHABLE_CODE = YES;
				CLANG_WARN__DUPLICATE_METHOD_MATCH = YES;
				COPY_PHASE_STRIP = NO;
				DEBUG_INFORMATION_FORMAT = "dwarf-with-dsym";
				ENABLE_NS_ASSERTIONS = NO;
				ENABLE_STRICT_OBJC_MSGSEND = YES;
				ENABLE_USER_SCRIPT_SANDBOXING = YES;
				GCC_C_LANGUAGE_STANDARD = gnu17;
				GCC_NO_COMMON_BLOCKS = YES;
				GCC_WARN_64_TO_32_BIT_CONVERSION = YES;
				GCC_WARN_ABOUT_RETURN_TYPE = YES_ERROR;
				GCC_WARN_UNDECLARED_SELECTOR = YES;
				GCC_WARN_UNINITIALIZED_AUTOS = YES_AGGRESSIVE;
				GCC_WARN_UNUSED_FUNCTION = YES;
				GCC_WARN_UNUSED_VARIABLE = YES;
				IPHONEOS_DEPLOYMENT_TARGET = 17.0;
				LOCALIZATION_PREFERS_STRING_CATALOGS = YES;
				MTL_ENABLE_DEBUG_INFO = NO;
				MTL_FAST_MATH = YES;
				SDKROOT = iphoneos;
				SWIFT_COMPILATION_MODE = wholemodule;
				VALIDATE_PRODUCT = YES;
			};
			name = Release;
		};
		28BCFC142AFAE26200B5E3A8 /* Debug */ = {
			isa = XCBuildConfiguration;
			buildSettings = {
				ASSETCATALOG_COMPILER_APPICON_NAME = AppIcon;
				ASSETCATALOG_COMPILER_GLOBAL_ACCENT_COLOR_NAME = AccentColor;
				CODE_SIGN_STYLE = Automatic;
				CURRENT_PROJECT_VERSION = 1;
				GENERATE_INFOPLIST_FILE = YES;
				INFOPLIST_FILE = StoryPrompt/Info.plist;
				INFOPLIST_KEY_UIApplicationSupportsIndirectInputEvents = YES;
				INFOPLIST_KEY_UILaunchStoryboardName = LaunchScreen;
				INFOPLIST_KEY_UIMainStoryboardFile = Main;
				INFOPLIST_KEY_UISupportedInterfaceOrientations_iPad = "UIInterfaceOrientationPortrait UIInterfaceOrientationPortraitUpsideDown UIInterfaceOrientationLandscapeLeft UIInterfaceOrientationLandscapeRight";
				INFOPLIST_KEY_UISupportedInterfaceOrientations_iPhone = "UIInterfaceOrientationPortrait UIInterfaceOrientationLandscapeLeft UIInterfaceOrientationLandscapeRight";
				LD_RUNPATH_SEARCH_PATHS = (
					"$(inherited)",
					"@executable_path/Frameworks",
				);
				MARKETING_VERSION = 1.0;
				PRODUCT_BUNDLE_IDENTIFIER = "Meraldo-Cazar-Jr.StoryPrompt";
				PRODUCT_NAME = "$(TARGET_NAME)";
				SWIFT_EMIT_LOC_STRINGS = YES;
				SWIFT_VERSION = 5.0;
				TARGETED_DEVICE_FAMILY = "1,2";
			};
			name = Debug;
		};
		28BCFC152AFAE26200B5E3A8 /* Release */ = {
			isa = XCBuildConfiguration;
			buildSettings = {
				ASSETCATALOG_COMPILER_APPICON_NAME = AppIcon;
				ASSETCATALOG_COMPILER_GLOBAL_ACCENT_COLOR_NAME = AccentColor;
				CODE_SIGN_STYLE = Automatic;
				CURRENT_PROJECT_VERSION = 1;
				GENERATE_INFOPLIST_FILE = YES;
				INFOPLIST_FILE = StoryPrompt/Info.plist;
				INFOPLIST_KEY_UIApplicationSupportsIndirectInputEvents = YES;
				INFOPLIST_KEY_UILaunchStoryboardName = LaunchScreen;
				INFOPLIST_KEY_UIMainStoryboardFile = Main;
				INFOPLIST_KEY_UISupportedInterfaceOrientations_iPad = "UIInterfaceOrientationPortrait UIInterfaceOrientationPortraitUpsideDown UIInterfaceOrientationLandscapeLeft UIInterfaceOrientationLandscapeRight";
				INFOPLIST_KEY_UISupportedInterfaceOrientations_iPhone = "UIInterfaceOrientationPortrait UIInterfaceOrientationLandscapeLeft UIInterfaceOrientationLandscapeRight";
				LD_RUNPATH_SEARCH_PATHS = (
					"$(inherited)",
					"@executable_path/Frameworks",
				);
				MARKETING_VERSION = 1.0;
				PRODUCT_BUNDLE_IDENTIFIER = "Meraldo-Cazar-Jr.StoryPrompt";
				PRODUCT_NAME = "$(TARGET_NAME)";
				SWIFT_EMIT_LOC_STRINGS = YES;
				SWIFT_VERSION = 5.0;
				TARGETED_DEVICE_FAMILY = "1,2";
			};
			name = Release;
		};
/* End XCBuildConfiguration section */

/* Begin XCConfigurationList section */
		28BCFBFA2AFAE26000B5E3A8 /* Build configuration list for PBXProject "StoryPrompt" */ = {
			isa = XCConfigurationList;
			buildConfigurations = (
				28BCFC112AFAE26200B5E3A8 /* Debug */,
				28BCFC122AFAE26200B5E3A8 /* Release */,
			);
			defaultConfigurationIsVisible = 0;
			defaultConfigurationName = Release;
		};
		28BCFC132AFAE26200B5E3A8 /* Build configuration list for PBXNativeTarget "StoryPrompt" */ = {
			isa = XCConfigurationList;
			buildConfigurations = (
				28BCFC142AFAE26200B5E3A8 /* Debug */,
				28BCFC152AFAE26200B5E3A8 /* Release */,
			);
			defaultConfigurationIsVisible = 0;
			defaultConfigurationName = Release;
		};
/* End XCConfigurationList section */
	};
	rootObject = 28BCFBF72AFAE26000B5E3A8 /* Project object */;
}
